[[package]]
name = "prometheus-client"
version = "0.12.0"
description = "Python client for the Prometheus monitoring system."
category = "dev"
optional = false
python-versions = ">=2.7, !=3.0.*, !=3.1.*, !=3.2.*, !=3.3.*"

[package.extras]
twisted = ["twisted"]

[[package]]
name = "punch-api"
version = "8.0.1"
description = "Punch Python and PySpark Public API"
category = "dev"
optional = false
python-versions = ">=3.10.4,<4.0.0"

[package.dependencies]
prometheus-client = ">=0.12.0,<0.13.0"

[metadata]
lock-version = "1.1"
python-versions = "^3.10.4"
content-hash = "6b9ee05533b02965e79e3157a80c7ba81f28ae916a1c5b7c6a5e9800e1bb461a"

[metadata.files]
prometheus-client = [
    {file = "prometheus_client-0.12.0-py2.py3-none-any.whl", hash = "sha256:317453ebabff0a1b02df7f708efbab21e3489e7072b61cb6957230dd004a0af0"},
    {file = "prometheus_client-0.12.0.tar.gz", hash = "sha256:1b12ba48cee33b9b0b9de64a1047cbd3c5f2d0ab6ebcead7ddda613a750ec3c5"},
]
punch-api = [
    {file = "punch_api-8.0.1-py3-none-any.whl", hash = "sha256:a5e0d01db239169c76d935706b2d564e021a51cf5607e2eeb68161103e010b78"},
    {file = "punch_api-8.0.1.tar.gz", hash = "sha256:76fcd416f16857fc060330bcd4d8051d93f2f47a815e0f7de645d122a6853a8e"},
]
