[[package]]
name = "prometheus-client"
version = "0.12.0"
description = "Python client for the Prometheus monitoring system."
category = "dev"
optional = false
python-versions = ">=2.7, !=3.0.*, !=3.1.*, !=3.2.*, !=3.3.*"

[package.extras]
twisted = ["twisted"]

[[package]]
name = "punch-api"
version = "8.0.0"
description = "Punch Python and PySpark Public API"
category = "dev"
optional = false
python-versions = ">=3.10.4,<4.0.0"

[package.dependencies]
prometheus-client = ">=0.12.0,<0.13.0"

[[package]]
name = "py4j"
version = "0.10.9.3"
description = "Enables Python programs to dynamically access arbitrary Java objects"
category = "dev"
optional = false
python-versions = "*"

[[package]]
name = "pyspark"
version = "3.2.1"
description = "Apache Spark Python API"
category = "dev"
optional = false
python-versions = ">=3.6"

[package.dependencies]
py4j = "0.10.9.3"

[package.extras]
ml = ["numpy (>=1.7)"]
mllib = ["numpy (>=1.7)"]
pandas_on_spark = ["numpy (>=1.14)", "pandas (>=0.23.2)", "pyarrow (>=1.0.0)"]
sql = ["pandas (>=0.23.2)", "pyarrow (>=1.0.0)"]

[metadata]
lock-version = "1.1"
python-versions = "^3.10.4"
content-hash = "4024f3600e5f03b561688d996bd0a6ba50a8673f3020b8e08d51e769533f66e8"

[metadata.files]
prometheus-client = [
    {file = "prometheus_client-0.12.0-py2.py3-none-any.whl", hash = "sha256:317453ebabff0a1b02df7f708efbab21e3489e7072b61cb6957230dd004a0af0"},
    {file = "prometheus_client-0.12.0.tar.gz", hash = "sha256:1b12ba48cee33b9b0b9de64a1047cbd3c5f2d0ab6ebcead7ddda613a750ec3c5"},
]
punch-api = [
    {file = "punch_api-8.0.0-py3-none-any.whl", hash = "sha256:6848a317e73f0eff46fc53aa9f75337163e39f55df627c2cd2ffd940e9aea3a2"},
    {file = "punch_api-8.0.0.tar.gz", hash = "sha256:088de21a61f8702fcb4f5c632daa16ef6e21e38d81b58ab42eab2a307aa93c62"},
]
py4j = [
    {file = "py4j-0.10.9.3-py2.py3-none-any.whl", hash = "sha256:04f5b06917c0c8a81ab34121dda09a2ba1f74e96d59203c821d5cb7d28c35363"},
    {file = "py4j-0.10.9.3.tar.gz", hash = "sha256:0d92844da4cb747155b9563c44fc322c9a1562b3ef0979ae692dbde732d784dd"},
]
pyspark = [
    {file = "pyspark-3.2.1.tar.gz", hash = "sha256:0b81359262ec6e9ac78c353344e7de026027d140c6def949ff0d80ab70f89a54"},
]
